
Microsoft Visual Studio Solution File, Format Version 12.00
# Visual Studio 2012
Project("{FAE04EC0-301F-11D3-BF4B-00C04F79EFBC}") = "fill figures", "fill figures\fill figures.csproj", "{D52C31E9-96E7-4717-9278-6567F2B7F1F9}"
EndProject
Global
	GlobalSection(SolutionConfigurationPlatforms) = preSolution
		Debug|Any CPU = Debug|Any CPU
		Release|Any CPU = Release|Any CPU
	EndGlobalSection
	GlobalSection(ProjectConfigurationPlatforms) = postSolution
		{D52C31E9-96E7-4717-9278-6567F2B7F1F9}.Debug|Any CPU.ActiveCfg = Debug|Any CPU
		{D52C31E9-96E7-4717-9278-6567F2B7F1F9}.Debug|Any CPU.Build.0 = Debug|Any CPU
		{D52C31E9-96E7-4717-9278-6567F2B7F1F9}.Release|Any CPU.ActiveCfg = Release|Any CPU
		{D52C31E9-96E7-4717-9278-6567F2B7F1F9}.Release|Any CPU.Build.0 = Release|Any CPU
	EndGlobalSection
	GlobalSection(SolutionProperties) = preSolution
		HideSolutionNode = FALSE
	EndGlobalSection
EndGlobal
